<?xml version="1.0" encoding="utf-8"?>
<Project ToolsVersion="4.0" xmlns="http://schemas.microsoft.com/developer/msbuild/2003">
  <ItemGroup>
    <Filter Include="Source Files">
      <UniqueIdentifier>{4FC737F1-C7A5-4376-A066-2A32D752A2FF}</UniqueIdentifier>
      <Extensions>cpp;c;cc;cxx;def;odl;idl;hpj;bat;asm;asmx</Extensions>
    </Filter>
    <Filter Include="Header Files">
      <UniqueIdentifier>{93995380-89BD-4b04-88EB-625FBE52EBFB}</UniqueIdentifier>
      <Extensions>h;hh;hpp;hxx;hm;inl;inc;xsd</Extensions>
    </Filter>
    <Filter Include="Resource Files">
      <UniqueIdentifier>{67DA6AB6-F800-4c08-8B7A-83BB121AAD01}</UniqueIdentifier>
      <Extensions>rc;ico;cur;bmp;dlg;rc2;rct;bin;rgs;gif;jpg;jpeg;jpe;resx;tiff;tif;png;wav;mfcribbon-ms</Extensions>
    </Filter>
  </ItemGroup>
  <ItemGroup>
    <ClInclude Include="include\components.hpp">
      <Filter>Header Files</Filter>
    </ClInclude>
    <ClInclude Include="include\factory.hpp">
      <Filter>Header Files</Filter>
    </ClInclude>
    <ClInclude Include="include\global.hpp">
      <Filter>Header Files</Filter>
    </ClInclude>
    <ClInclude Include="include\systems.hpp">
      <Filter>Header Files</Filter>
    </ClInclude>
    <ClInclude Include="include\game.hpp">
      <Filter>Header Files</Filter>
    </ClInclude>
    <ClInclude Include="include\producers.hpp">
      <Filter>Header Files</Filter>
    </ClInclude>
    <ClInclude Include="include\systems\animationsystem.hpp">
      <Filter>Header Files</Filter>
    </ClInclude>
    <ClInclude Include="include\components\common\animationcomponent.hpp">
      <Filter>Header Files</Filter>
    </ClInclude>
    <ClInclude Include="include\components\common\defaultgraphicsposcomponent.hpp">
      <Filter>Header Files</Filter>
    </ClInclude>
    <ClInclude Include="include\components\common\inventorycomponent.hpp">
      <Filter>Header Files</Filter>
    </ClInclude>
    <ClInclude Include="include\components\common\levelcomponent.hpp">
      <Filter>Header Files</Filter>
    </ClInclude>
    <ClInclude Include="include\components\common\lifecomponent.hpp">
      <Filter>Header Files</Filter>
    </ClInclude>
    <ClInclude Include="include\components\common\mapcomponent.hpp">
      <Filter>Header Files</Filter>
    </ClInclude>
    <ClInclude Include="include\components\common\movetocomponent.hpp">
      <Filter>Header Files</Filter>
    </ClInclude>
    <ClInclude Include="include\components\common\namecomponent.hpp">
      <Filter>Header Files</Filter>
    </ClInclude>
    <ClInclude Include="include\components\common\pathcomponent.hpp">
      <Filter>Header Files</Filter>
    </ClInclude>
    <ClInclude Include="include\components\common\positioncomponent.hpp">
      <Filter>Header Files</Filter>
    </ClInclude>
    <ClInclude Include="include\components\common\randommovementcomponent.hpp">
      <Filter>Header Files</Filter>
    </ClInclude>
    <ClInclude Include="include\components\items\attackbonuscomponent.hpp">
      <Filter>Header Files</Filter>
    </ClInclude>
    <ClInclude Include="include\components\items\attackresistancecomponent.hpp">
      <Filter>Header Files</Filter>
    </ClInclude>
    <ClInclude Include="include\components\items\ediblecomponent.hpp">
      <Filter>Header Files</Filter>
    </ClInclude>
    <ClInclude Include="include\components\items\equippablecomponent.hpp">
      <Filter>Header Files</Filter>
    </ClInclude>
    <ClInclude Include="include\components\items\hpgaincomponent.hpp">
      <Filter>Header Files</Filter>
    </ClInclude>
    <ClInclude Include="include\components\items\itemcomponent.hpp">
      <Filter>Header Files</Filter>
    </ClInclude>
    <ClInclude Include="include\components\items\resourcecomponent.hpp">
      <Filter>Header Files</Filter>
    </ClInclude>
    <ClInclude Include="include\components\common\fightcomponent.hpp">
      <Filter>Header Files</Filter>
    </ClInclude>
    <ClInclude Include="include\systems\aisystem.hpp">
      <Filter>Header Files</Filter>
    </ClInclude>
    <ClInclude Include="include\systems\movementsystem.hpp">
      <Filter>Header Files</Filter>
    </ClInclude>
    <ClInclude Include="include\components\common\orientationcomponent.hpp">
      <Filter>Header Files</Filter>
    </ClInclude>
    <ClInclude Include="include\data\characterdata.hpp">
      <Filter>Header Files</Filter>
    </ClInclude>
    <ClInclude Include="include\data\tiledata.hpp">
      <Filter>Header Files</Filter>
    </ClInclude>
    <ClInclude Include="include\data\mapdata.hpp">
      <Filter>Header Files</Filter>
    </ClInclude>
    <ClInclude Include="include\def\uidef.hpp">
      <Filter>Header Files</Filter>
    </ClInclude>
    <ClInclude Include="include\def\gamedef.hpp">
      <Filter>Header Files</Filter>
    </ClInclude>
    <ClInclude Include="include\def\layerdef.hpp">
      <Filter>Header Files</Filter>
    </ClInclude>
    <ClInclude Include="include\cache\cache.hpp">
      <Filter>Header Files</Filter>
    </ClInclude>
    <ClInclude Include="include\cache\texturecore.hpp">
      <Filter>Header Files</Filter>
    </ClInclude>
    <ClInclude Include="include\cache\mapcore.hpp">
      <Filter>Header Files</Filter>
    </ClInclude>
    <ClInclude Include="include\util\chrono.hpp">
      <Filter>Header Files</Filter>
    </ClInclude>
    <ClInclude Include="include\util\classhash.hpp">
      <Filter>Header Files</Filter>
    </ClInclude>
    <ClInclude Include="include\util\enumutil.hpp">
      <Filter>Header Files</Filter>
    </ClInclude>
    <ClInclude Include="include\util\non_nullptr.hpp">
      <Filter>Header Files</Filter>
    </ClInclude>
    <ClInclude Include="include\util\util.hpp">
      <Filter>Header Files</Filter>
    </ClInclude>
  </ItemGroup>
  <ItemGroup>
    <ClCompile Include="src\factory.cpp">
      <Filter>Source Files</Filter>
    </ClCompile>
    <ClCompile Include="src\global.cpp">
      <Filter>Source Files</Filter>
    </ClCompile>
    <ClCompile Include="src\main.cpp">
      <Filter>Source Files</Filter>
    </ClCompile>
    <ClCompile Include="src\game.cpp">
      <Filter>Source Files</Filter>
    </ClCompile>
    <ClCompile Include="src\components\common\inventorycomponent.cpp">
      <Filter>Source Files</Filter>
    </ClCompile>
    <ClCompile Include="src\components\common\mapcomponent.cpp">
      <Filter>Source Files</Filter>
    </ClCompile>
    <ClCompile Include="src\componentsindex.cpp">
      <Filter>Source Files</Filter>
    </ClCompile>
    <ClCompile Include="src\systemsindex.cpp">
      <Filter>Source Files</Filter>
    </ClCompile>
    <ClCompile Include="src\systems\animationsystem.cpp">
      <Filter>Source Files</Filter>
    </ClCompile>
    <ClCompile Include="src\systems\aisystem.cpp">
      <Filter>Source Files</Filter>
    </ClCompile>
    <ClCompile Include="src\systems\movementsystem.cpp">
      <Filter>Source Files</Filter>
    </ClCompile>
    <ClCompile Include="src\cache\texturecore.cpp">
      <Filter>Source Files</Filter>
    </ClCompile>
    <ClCompile Include="src\cache\mapcore.cpp">
      <Filter>Source Files</Filter>
    </ClCompile>
    <ClCompile Include="src\util\util.cpp">
      <Filter>Source Files</Filter>
    </ClCompile>
  </ItemGroup>
  <ItemGroup>
    <None Include="include\game.inl">
      <Filter>Header Files</Filter>
    </None>
    <None Include="include\global.inl">
      <Filter>Header Files</Filter>
    </None>
    <None Include="include\components\common\inventorycomponent.inl">
      <Filter>Header Files</Filter>
    </None>
    <None Include="include\components\common\lifecomponent.inl">
      <Filter>Header Files</Filter>
    </None>
    <None Include="include\cache\cache.inl">
      <Filter>Header Files</Filter>
    </None>
    <None Include="include\cache\texturecore.inl">
      <Filter>Header Files</Filter>
    </None>
    <None Include="include\cache\mapcore.inl">
      <Filter>Header Files</Filter>
    </None>
    <None Include="include\util\chrono.inl">
      <Filter>Header Files</Filter>
    </None>
    <None Include="include\util\classhash.inl">
      <Filter>Header Files</Filter>
    </None>
    <None Include="include\util\enumutil.inl">
      <Filter>Header Files</Filter>
    </None>
    <None Include="include\util\non_nullptr.inl">
      <Filter>Header Files</Filter>
    </None>
    <None Include="include\util\util.inl">
      <Filter>Header Files</Filter>
    </None>
  </ItemGroup>
</Project>